
Microsoft Visual Studio Solution File, Format Version 12.00
# Visual Studio Version 17
VisualStudioVersion = 17.14.37012.4 d17.14
MinimumVisualStudioVersion = 10.0.40219.1
Project("{FAE04EC0-301F-11D3-BF4B-00C04F79EFBC}") = "Gymbokningssystem OAD", "Gymbokningssystem OAD\Gymbokningssystem OAD.csproj", "{5DC60D19-DC7D-40FE-A733-898D727CBA64}"
EndProject
Global
	GlobalSection(SolutionConfigurationPlatforms) = preSolution
		Debug|Any CPU = Debug|Any CPU
		Release|Any CPU = Release|Any CPU
	EndGlobalSection
	GlobalSection(ProjectConfigurationPlatforms) = postSolution
		{5DC60D19-DC7D-40FE-A733-898D727CBA64}.Debug|Any CPU.ActiveCfg = Debug|Any CPU
		{5DC60D19-DC7D-40FE-A733-898D727CBA64}.Debug|Any CPU.Build.0 = Debug|Any CPU
		{5DC60D19-DC7D-40FE-A733-898D727CBA64}.Release|Any CPU.ActiveCfg = Release|Any CPU
		{5DC60D19-DC7D-40FE-A733-898D727CBA64}.Release|Any CPU.Build.0 = Release|Any CPU
	EndGlobalSection
	GlobalSection(SolutionProperties) = preSolution
		HideSolutionNode = FALSE
	EndGlobalSection
	GlobalSection(ExtensibilityGlobals) = postSolution
		SolutionGuid = {66077847-4393-491B-BA92-9729C7325A52}
	EndGlobalSection
EndGlobal
